hash: 407514b7285986fa728161c2ed4e2f48c3017ba5ab8d88f49927fc8e17379a2a
updated: 2016-12-08T22:19:27.958387969-08:00
imports:
- name: github.com/hashicorp/logutils
  version: 0dc08b1671f34c4250ce212759ebd880f743d883
- name: github.com/krolaw/dhcp4
  version: f61f734b73027e29f7fa2ed623f2ed85a7ef08fa
- name: github.com/krolaw/dhcp4.git
  version: f61f734b73027e29f7fa2ed623f2ed85a7ef08fa
- name: github.com/stretchr/testify
  version: 69483b4bd14f5845b5a1e55bca19e954e827f1d0
  subpackages:
  - assert
- name: golang.org/x/net
  version: e31bd588d1077ee66a958c0ad3a235f2084b4195
  subpackages:
  - bpf
  - internal/iana
  - internal/netreflect
  - ipv4
testImports:
- name: github.com/davecgh/go-spew
  version: 6d212800a42e8ab5c146b8ace3490ee17e5225f9
  subpackages:
  - spew
- name: github.com/pmezard/go-difflib
  version: d8ed2627bdf02c080bf22230dbb337003b7aba2d
  subpackages:
  - difflib
