# This file is autogenerated, do not edit; changes may be undone by the next 'dep ensure'.


[[projects]]
  name = "github.com/davecgh/go-spew"
  packages = ["spew"]
  revision = "346938d642f2ec3594ed81d874461961cd0faa76"
  version = "v1.1.0"

[[projects]]
  branch = "master"
  name = "github.com/krolaw/dhcp4"
  packages = [".","conn"]
  revision = "4de04cc59d6e4223583ec8117238e4d57e8b176d"

[[projects]]
  branch = "master"
  name = "github.com/miekg/dns"
  packages = ["."]
  revision = "e4205768578dc90c2669e75a2f8a8bf77e3083a4"

[[projects]]
  name = "github.com/pmezard/go-difflib"
  packages = ["difflib"]
  revision = "792786c7400a136282c1664665ae0a8db921c6c2"
  version = "v1.0.0"

[[projects]]
  name = "github.com/sirupsen/logrus"
  packages = ["."]
  revision = "f006c2ac4710855cf0f916dd6b77acf6b048dc6e"
  version = "v1.0.3"

[[projects]]
  name = "github.com/stretchr/testify"
  packages = ["assert"]
  revision = "69483b4bd14f5845b5a1e55bca19e954e827f1d0"
  version = "v1.1.4"

[[projects]]
  branch = "master"
  name = "golang.org/x/crypto"
  packages = ["ssh/terminal"]
  revision = "81e90905daefcd6fd217b62423c0908922eadb30"

[[projects]]
  branch = "master"
  name = "golang.org/x/net"
  packages = ["bpf","internal/iana","internal/socket","ipv4"]
  revision = "66aacef3dd8a676686c7ae3716979581e8b03c47"

[[projects]]
  branch = "master"
  name = "golang.org/x/sys"
  packages = ["unix","windows"]
  revision = "2d6f6f883a06fc0d5f4b14a81e4c28705ea64c15"

[[projects]]
  branch = "v2"
  name = "gopkg.in/ns1/ns1-go.v2"
  packages = ["rest","rest/model/account","rest/model/data","rest/model/dns","rest/model/filter","rest/model/monitor"]
  revision = "c563826f4cbef9c11bebeb9f20a3f7afe9c1e2f4"

[solve-meta]
  analyzer-name = "dep"
  analyzer-version = 1
  inputs-digest = "08cd64b0c66518158e2d6ada3472c8c9eb3e0865d766fd56b103018f45bb0028"
  solver-name = "gps-cdcl"
  solver-version = 1
